
Microsoft Visual Studio Solution File, Format Version 12.00
# Visual Studio Version 17
VisualStudioVersion = 17.2.32526.322
MinimumVisualStudioVersion = 10.0.40219.1
Project("{8BC9CEB8-8B4A-11D0-8D11-00A0C91BC942}") = "ARRAYS", "ARRAYS\ARRAYS.vcxproj", "{FC787708-2770-47C6-A898-834C9DD3E514}"
EndProject
Project("{8BC9CEB8-8B4A-11D0-8D11-00A0C91BC942}") = "Shift", "Shift\Shift.vcxproj", "{B90AAADA-B28F-46CD-AF45-102B35FC66DA}"
EndProject
Project("{8BC9CEB8-8B4A-11D0-8D11-00A0C91BC942}") = "Random", "Random\Random.vcxproj", "{A3D74A8A-C310-428B-B08D-2BAD88C164B3}"
EndProject
Project("{8BC9CEB8-8B4A-11D0-8D11-00A0C91BC942}") = "лабориториум", "лабориториум\лабориториум.vcxproj", "{5419D50F-1301-40F5-B7AB-9E4183849ECD}"
EndProject
Project("{8BC9CEB8-8B4A-11D0-8D11-00A0C91BC942}") = "HOME_WORK_ARRAYS2", "HOME_WORK_ARRAYS2\HOME_WORK_ARRAYS2.vcxproj", "{C5732D23-9D5A-4C6B-8C9C-C82DC15BCFD1}"
EndProject
Project("{8BC9CEB8-8B4A-11D0-8D11-00A0C91BC942}") = "UnoqueRandom", "UnoqueRandom\UnoqueRandom.vcxproj", "{3BE0B4E5-DDB2-4E59-9AF2-E1A979ECB33F}"
EndProject
Project("{8BC9CEB8-8B4A-11D0-8D11-00A0C91BC942}") = "SORT", "SORT\SORT.vcxproj", "{AEEC5083-3077-4BFD-9350-071DA5CC0658}"
EndProject
Project("{8BC9CEB8-8B4A-11D0-8D11-00A0C91BC942}") = "Numerics", "Numerics\Numerics.vcxproj", "{3A04E595-2FF8-4120-A588-710388927098}"
EndProject
Project("{8BC9CEB8-8B4A-11D0-8D11-00A0C91BC942}") = "2D", "2D\2D.vcxproj", "{4DEC3045-CE1D-4A36-B72E-396ACC76CB68}"
EndProject
Project("{8BC9CEB8-8B4A-11D0-8D11-00A0C91BC942}") = "RULE_OF_SARRUS", "RULE_OF_SARRUS\RULE_OF_SARRUS.vcxproj", "{1524B10E-3E8E-45FC-BA03-7DF81AE38615}"
EndProject
Project("{8BC9CEB8-8B4A-11D0-8D11-00A0C91BC942}") = "2D_HOME_WORK", "2D_HOME_WORK\2D_HOME_WORK.vcxproj", "{EEC9820A-E1DA-4906-A618-C7310A068D60}"
EndProject
Global
	GlobalSection(SolutionConfigurationPlatforms) = preSolution
		Debug|x64 = Debug|x64
		Debug|x86 = Debug|x86
		Release|x64 = Release|x64
		Release|x86 = Release|x86
	EndGlobalSection
	GlobalSection(ProjectConfigurationPlatforms) = postSolution
		{FC787708-2770-47C6-A898-834C9DD3E514}.Debug|x64.ActiveCfg = Debug|x64
		{FC787708-2770-47C6-A898-834C9DD3E514}.Debug|x64.Build.0 = Debug|x64
		{FC787708-2770-47C6-A898-834C9DD3E514}.Debug|x86.ActiveCfg = Debug|Win32
		{FC787708-2770-47C6-A898-834C9DD3E514}.Debug|x86.Build.0 = Debug|Win32
		{FC787708-2770-47C6-A898-834C9DD3E514}.Release|x64.ActiveCfg = Release|x64
		{FC787708-2770-47C6-A898-834C9DD3E514}.Release|x64.Build.0 = Release|x64
		{FC787708-2770-47C6-A898-834C9DD3E514}.Release|x86.ActiveCfg = Release|Win32
		{FC787708-2770-47C6-A898-834C9DD3E514}.Release|x86.Build.0 = Release|Win32
		{B90AAADA-B28F-46CD-AF45-102B35FC66DA}.Debug|x64.ActiveCfg = Debug|x64
		{B90AAADA-B28F-46CD-AF45-102B35FC66DA}.Debug|x64.Build.0 = Debug|x64
		{B90AAADA-B28F-46CD-AF45-102B35FC66DA}.Debug|x86.ActiveCfg = Debug|Win32
		{B90AAADA-B28F-46CD-AF45-102B35FC66DA}.Debug|x86.Build.0 = Debug|Win32
		{B90AAADA-B28F-46CD-AF45-102B35FC66DA}.Release|x64.ActiveCfg = Release|x64
		{B90AAADA-B28F-46CD-AF45-102B35FC66DA}.Release|x64.Build.0 = Release|x64
		{B90AAADA-B28F-46CD-AF45-102B35FC66DA}.Release|x86.ActiveCfg = Release|Win32
		{B90AAADA-B28F-46CD-AF45-102B35FC66DA}.Release|x86.Build.0 = Release|Win32
		{A3D74A8A-C310-428B-B08D-2BAD88C164B3}.Debug|x64.ActiveCfg = Debug|x64
		{A3D74A8A-C310-428B-B08D-2BAD88C164B3}.Debug|x64.Build.0 = Debug|x64
		{A3D74A8A-C310-428B-B08D-2BAD88C164B3}.Debug|x86.ActiveCfg = Debug|Win32
		{A3D74A8A-C310-428B-B08D-2BAD88C164B3}.Debug|x86.Build.0 = Debug|Win32
		{A3D74A8A-C310-428B-B08D-2BAD88C164B3}.Release|x64.ActiveCfg = Release|x64
		{A3D74A8A-C310-428B-B08D-2BAD88C164B3}.Release|x64.Build.0 = Release|x64
		{A3D74A8A-C310-428B-B08D-2BAD88C164B3}.Release|x86.ActiveCfg = Release|Win32
		{A3D74A8A-C310-428B-B08D-2BAD88C164B3}.Release|x86.Build.0 = Release|Win32
		{5419D50F-1301-40F5-B7AB-9E4183849ECD}.Debug|x64.ActiveCfg = Debug|x64
		{5419D50F-1301-40F5-B7AB-9E4183849ECD}.Debug|x64.Build.0 = Debug|x64
		{5419D50F-1301-40F5-B7AB-9E4183849ECD}.Debug|x86.ActiveCfg = Debug|Win32
		{5419D50F-1301-40F5-B7AB-9E4183849ECD}.Debug|x86.Build.0 = Debug|Win32
		{5419D50F-1301-40F5-B7AB-9E4183849ECD}.Release|x64.ActiveCfg = Release|x64
		{5419D50F-1301-40F5-B7AB-9E4183849ECD}.Release|x64.Build.0 = Release|x64
		{5419D50F-1301-40F5-B7AB-9E4183849ECD}.Release|x86.ActiveCfg = Release|Win32
		{5419D50F-1301-40F5-B7AB-9E4183849ECD}.Release|x86.Build.0 = Release|Win32
		{C5732D23-9D5A-4C6B-8C9C-C82DC15BCFD1}.Debug|x64.ActiveCfg = Debug|x64
		{C5732D23-9D5A-4C6B-8C9C-C82DC15BCFD1}.Debug|x64.Build.0 = Debug|x64
		{C5732D23-9D5A-4C6B-8C9C-C82DC15BCFD1}.Debug|x86.ActiveCfg = Debug|Win32
		{C5732D23-9D5A-4C6B-8C9C-C82DC15BCFD1}.Debug|x86.Build.0 = Debug|Win32
		{C5732D23-9D5A-4C6B-8C9C-C82DC15BCFD1}.Release|x64.ActiveCfg = Release|x64
		{C5732D23-9D5A-4C6B-8C9C-C82DC15BCFD1}.Release|x64.Build.0 = Release|x64
		{C5732D23-9D5A-4C6B-8C9C-C82DC15BCFD1}.Release|x86.ActiveCfg = Release|Win32
		{C5732D23-9D5A-4C6B-8C9C-C82DC15BCFD1}.Release|x86.Build.0 = Release|Win32
		{3BE0B4E5-DDB2-4E59-9AF2-E1A979ECB33F}.Debug|x64.ActiveCfg = Debug|x64
		{3BE0B4E5-DDB2-4E59-9AF2-E1A979ECB33F}.Debug|x64.Build.0 = Debug|x64
		{3BE0B4E5-DDB2-4E59-9AF2-E1A979ECB33F}.Debug|x86.ActiveCfg = Debug|Win32
		{3BE0B4E5-DDB2-4E59-9AF2-E1A979ECB33F}.Debug|x86.Build.0 = Debug|Win32
		{3BE0B4E5-DDB2-4E59-9AF2-E1A979ECB33F}.Release|x64.ActiveCfg = Release|x64
		{3BE0B4E5-DDB2-4E59-9AF2-E1A979ECB33F}.Release|x64.Build.0 = Release|x64
		{3BE0B4E5-DDB2-4E59-9AF2-E1A979ECB33F}.Release|x86.ActiveCfg = Release|Win32
		{3BE0B4E5-DDB2-4E59-9AF2-E1A979ECB33F}.Release|x86.Build.0 = Release|Win32
		{AEEC5083-3077-4BFD-9350-071DA5CC0658}.Debug|x64.ActiveCfg = Debug|x64
		{AEEC5083-3077-4BFD-9350-071DA5CC0658}.Debug|x64.Build.0 = Debug|x64
		{AEEC5083-3077-4BFD-9350-071DA5CC0658}.Debug|x86.ActiveCfg = Debug|Win32
		{AEEC5083-3077-4BFD-9350-071DA5CC0658}.Debug|x86.Build.0 = Debug|Win32
		{AEEC5083-3077-4BFD-9350-071DA5CC0658}.Release|x64.ActiveCfg = Release|x64
		{AEEC5083-3077-4BFD-9350-071DA5CC0658}.Release|x64.Build.0 = Release|x64
		{AEEC5083-3077-4BFD-9350-071DA5CC0658}.Release|x86.ActiveCfg = Release|Win32
		{AEEC5083-3077-4BFD-9350-071DA5CC0658}.Release|x86.Build.0 = Release|Win32
		{3A04E595-2FF8-4120-A588-710388927098}.Debug|x64.ActiveCfg = Debug|x64
		{3A04E595-2FF8-4120-A588-710388927098}.Debug|x64.Build.0 = Debug|x64
		{3A04E595-2FF8-4120-A588-710388927098}.Debug|x86.ActiveCfg = Debug|Win32
		{3A04E595-2FF8-4120-A588-710388927098}.Debug|x86.Build.0 = Debug|Win32
		{3A04E595-2FF8-4120-A588-710388927098}.Release|x64.ActiveCfg = Release|x64
		{3A04E595-2FF8-4120-A588-710388927098}.Release|x64.Build.0 = Release|x64
		{3A04E595-2FF8-4120-A588-710388927098}.Release|x86.ActiveCfg = Release|Win32
		{3A04E595-2FF8-4120-A588-710388927098}.Release|x86.Build.0 = Release|Win32
		{4DEC3045-CE1D-4A36-B72E-396ACC76CB68}.Debug|x64.ActiveCfg = Debug|x64
		{4DEC3045-CE1D-4A36-B72E-396ACC76CB68}.Debug|x64.Build.0 = Debug|x64
		{4DEC3045-CE1D-4A36-B72E-396ACC76CB68}.Debug|x86.ActiveCfg = Debug|Win32
		{4DEC3045-CE1D-4A36-B72E-396ACC76CB68}.Debug|x86.Build.0 = Debug|Win32
		{4DEC3045-CE1D-4A36-B72E-396ACC76CB68}.Release|x64.ActiveCfg = Release|x64
		{4DEC3045-CE1D-4A36-B72E-396ACC76CB68}.Release|x64.Build.0 = Release|x64
		{4DEC3045-CE1D-4A36-B72E-396ACC76CB68}.Release|x86.ActiveCfg = Release|Win32
		{4DEC3045-CE1D-4A36-B72E-396ACC76CB68}.Release|x86.Build.0 = Release|Win32
		{1524B10E-3E8E-45FC-BA03-7DF81AE38615}.Debug|x64.ActiveCfg = Debug|x64
		{1524B10E-3E8E-45FC-BA03-7DF81AE38615}.Debug|x64.Build.0 = Debug|x64
		{1524B10E-3E8E-45FC-BA03-7DF81AE38615}.Debug|x86.ActiveCfg = Debug|Win32
		{1524B10E-3E8E-45FC-BA03-7DF81AE38615}.Debug|x86.Build.0 = Debug|Win32
		{1524B10E-3E8E-45FC-BA03-7DF81AE38615}.Release|x64.ActiveCfg = Release|x64
		{1524B10E-3E8E-45FC-BA03-7DF81AE38615}.Release|x64.Build.0 = Release|x64
		{1524B10E-3E8E-45FC-BA03-7DF81AE38615}.Release|x86.ActiveCfg = Release|Win32
		{1524B10E-3E8E-45FC-BA03-7DF81AE38615}.Release|x86.Build.0 = Release|Win32
		{EEC9820A-E1DA-4906-A618-C7310A068D60}.Debug|x64.ActiveCfg = Debug|x64
		{EEC9820A-E1DA-4906-A618-C7310A068D60}.Debug|x64.Build.0 = Debug|x64
		{EEC9820A-E1DA-4906-A618-C7310A068D60}.Debug|x86.ActiveCfg = Debug|Win32
		{EEC9820A-E1DA-4906-A618-C7310A068D60}.Debug|x86.Build.0 = Debug|Win32
		{EEC9820A-E1DA-4906-A618-C7310A068D60}.Release|x64.ActiveCfg = Release|x64
		{EEC9820A-E1DA-4906-A618-C7310A068D60}.Release|x64.Build.0 = Release|x64
		{EEC9820A-E1DA-4906-A618-C7310A068D60}.Release|x86.ActiveCfg = Release|Win32
		{EEC9820A-E1DA-4906-A618-C7310A068D60}.Release|x86.Build.0 = Release|Win32
	EndGlobalSection
	GlobalSection(SolutionProperties) = preSolution
		HideSolutionNode = FALSE
	EndGlobalSection
	GlobalSection(ExtensibilityGlobals) = postSolution
		SolutionGuid = {F04FDD03-3890-4430-BC08-9340058DC43E}
	EndGlobalSection
EndGlobal
